// !$*UTF8*$!
{
	archiveVersion = 1;
	classes = {
	};
	objectVersion = 56;
	objects = {

/* Begin PBXBuildFile section */
		F8C660012B4CC7E7005A0224 /* DessertCuisineApp.swift in Sources */ = {isa = PBXBuildFile; fileRef = F8C660002B4CC7E7005A0224 /* DessertCuisineApp.swift */; };
		F8C660052B4CC7E9005A0224 /* Assets.xcassets in Resources */ = {isa = PBXBuildFile; fileRef = F8C660042B4CC7E9005A0224 /* Assets.xcassets */; };
		F8C660082B4CC7E9005A0224 /* Preview Assets.xcassets in Resources */ = {isa = PBXBuildFile; fileRef = F8C660072B4CC7E9005A0224 /* Preview Assets.xcassets */; };
		F8C6600F2B4CC803005A0224 /* Constant.swift in Sources */ = {isa = PBXBuildFile; fileRef = F8C6600E2B4CC803005A0224 /* Constant.swift */; };
		F8C660192B4CC814005A0224 /* CategoryMeals.swift in Sources */ = {isa = PBXBuildFile; fileRef = F8C660112B4CC814005A0224 /* CategoryMeals.swift */; };
		F8C6601A2B4CC814005A0224 /* DetailMeals.swift in Sources */ = {isa = PBXBuildFile; fileRef = F8C660122B4CC814005A0224 /* DetailMeals.swift */; };
		F8C6601B2B4CC814005A0224 /* DessertViewModel.swift in Sources */ = {isa = PBXBuildFile; fileRef = F8C660142B4CC814005A0224 /* DessertViewModel.swift */; };
		F8C6601C2B4CC814005A0224 /* MealDetailsViewModel.swift in Sources */ = {isa = PBXBuildFile; fileRef = F8C660152B4CC814005A0224 /* MealDetailsViewModel.swift */; };
		F8C6601D2B4CC814005A0224 /* DessertListView.swift in Sources */ = {isa = PBXBuildFile; fileRef = F8C660172B4CC814005A0224 /* DessertListView.swift */; };
		F8C6601E2B4CC814005A0224 /* MealView.swift in Sources */ = {isa = PBXBuildFile; fileRef = F8C660182B4CC814005A0224 /* MealView.swift */; };
/* End PBXBuildFile section */

/* Begin PBXFileReference section */
		F8C65FFD2B4CC7E7005A0224 /* DessertCuisine.app */ = {isa = PBXFileReference; explicitFileType = wrapper.application; includeInIndex = 0; path = DessertCuisine.app; sourceTree = BUILT_PRODUCTS_DIR; };
		F8C660002B4CC7E7005A0224 /* DessertCuisineApp.swift */ = {isa = PBXFileReference; lastKnownFileType = sourcecode.swift; path = DessertCuisineApp.swift; sourceTree = "<group>"; };
		F8C660042B4CC7E9005A0224 /* Assets.xcassets */ = {isa = PBXFileReference; lastKnownFileType = folder.assetcatalog; path = Assets.xcassets; sourceTree = "<group>"; };
		F8C660072B4CC7E9005A0224 /* Preview Assets.xcassets */ = {isa = PBXFileReference; lastKnownFileType = folder.assetcatalog; path = "Preview Assets.xcassets"; sourceTree = "<group>"; };
		F8C6600E2B4CC803005A0224 /* Constant.swift */ = {isa = PBXFileReference; fileEncoding = 4; lastKnownFileType = sourcecode.swift; path = Constant.swift; sourceTree = "<group>"; };
		F8C660112B4CC814005A0224 /* CategoryMeals.swift */ = {isa = PBXFileReference; fileEncoding = 4; lastKnownFileType = sourcecode.swift; path = CategoryMeals.swift; sourceTree = "<group>"; };
		F8C660122B4CC814005A0224 /* DetailMeals.swift */ = {isa = PBXFileReference; fileEncoding = 4; lastKnownFileType = sourcecode.swift; path = DetailMeals.swift; sourceTree = "<group>"; };
		F8C660142B4CC814005A0224 /* DessertViewModel.swift */ = {isa = PBXFileReference; fileEncoding = 4; lastKnownFileType = sourcecode.swift; path = DessertViewModel.swift; sourceTree = "<group>"; };
		F8C660152B4CC814005A0224 /* MealDetailsViewModel.swift */ = {isa = PBXFileReference; fileEncoding = 4; lastKnownFileType = sourcecode.swift; path = MealDetailsViewModel.swift; sourceTree = "<group>"; };
		F8C660172B4CC814005A0224 /* DessertListView.swift */ = {isa = PBXFileReference; fileEncoding = 4; lastKnownFileType = sourcecode.swift; path = DessertListView.swift; sourceTree = "<group>"; };
		F8C660182B4CC814005A0224 /* MealView.swift */ = {isa = PBXFileReference; fileEncoding = 4; lastKnownFileType = sourcecode.swift; path = MealView.swift; sourceTree = "<group>"; };
/* End PBXFileReference section */

/* Begin PBXFrameworksBuildPhase section */
		F8C65FFA2B4CC7E7005A0224 /* Frameworks */ = {
			isa = PBXFrameworksBuildPhase;
			buildActionMask = 2147483647;
			files = (
			);
			runOnlyForDeploymentPostprocessing = 0;
		};
/* End PBXFrameworksBuildPhase section */

/* Begin PBXGroup section */
		F8C65FF42B4CC7E7005A0224 = {
			isa = PBXGroup;
			children = (
				F8C65FFF2B4CC7E7005A0224 /* DessertCuisine */,
				F8C65FFE2B4CC7E7005A0224 /* Products */,
			);
			sourceTree = "<group>";
		};
		F8C65FFE2B4CC7E7005A0224 /* Products */ = {
			isa = PBXGroup;
			children = (
				F8C65FFD2B4CC7E7005A0224 /* DessertCuisine.app */,
			);
			name = Products;
			sourceTree = "<group>";
		};
		F8C65FFF2B4CC7E7005A0224 /* DessertCuisine */ = {
			isa = PBXGroup;
			children = (
				F8C660002B4CC7E7005A0224 /* DessertCuisineApp.swift */,
				F8C6600E2B4CC803005A0224 /* Constant.swift */,
				F8C660102B4CC814005A0224 /* Model */,
				F8C660132B4CC814005A0224 /* ViewModel */,
				F8C660162B4CC814005A0224 /* Views */,
				F8C660042B4CC7E9005A0224 /* Assets.xcassets */,
				F8C660062B4CC7E9005A0224 /* Preview Content */,
			);
			path = DessertCuisine;
			sourceTree = "<group>";
		};
		F8C660062B4CC7E9005A0224 /* Preview Content */ = {
			isa = PBXGroup;
			children = (
				F8C660072B4CC7E9005A0224 /* Preview Assets.xcassets */,
			);
			path = "Preview Content";
			sourceTree = "<group>";
		};
		F8C660102B4CC814005A0224 /* Model */ = {
			isa = PBXGroup;
			children = (
				F8C660112B4CC814005A0224 /* CategoryMeals.swift */,
				F8C660122B4CC814005A0224 /* DetailMeals.swift */,
			);
			path = Model;
			sourceTree = "<group>";
		};
		F8C660132B4CC814005A0224 /* ViewModel */ = {
			isa = PBXGroup;
			children = (
				F8C660142B4CC814005A0224 /* DessertViewModel.swift */,
				F8C660152B4CC814005A0224 /* MealDetailsViewModel.swift */,
			);
			path = ViewModel;
			sourceTree = "<group>";
		};
		F8C660162B4CC814005A0224 /* Views */ = {
			isa = PBXGroup;
			children = (
				F8C660172B4CC814005A0224 /* DessertListView.swift */,
				F8C660182B4CC814005A0224 /* MealView.swift */,
			);
			path = Views;
			sourceTree = "<group>";
		};
/* End PBXGroup section */

/* Begin PBXNativeTarget section */
		F8C65FFC2B4CC7E7005A0224 /* DessertCuisine */ = {
			isa = PBXNativeTarget;
			buildConfigurationList = F8C6600B2B4CC7E9005A0224 /* Build configuration list for PBXNativeTarget "DessertCuisine" */;
			buildPhases = (
				F8C65FF92B4CC7E7005A0224 /* Sources */,
				F8C65FFA2B4CC7E7005A0224 /* Frameworks */,
				F8C65FFB2B4CC7E7005A0224 /* Resources */,
			);
			buildRules = (
			);
			dependencies = (
			);
			name = DessertCuisine;
			productName = DessertCuisine;
			productReference = F8C65FFD2B4CC7E7005A0224 /* DessertCuisine.app */;
			productType = "com.apple.product-type.application";
		};
/* End PBXNativeTarget section */

/* Begin PBXProject section */
		F8C65FF52B4CC7E7005A0224 /* Project object */ = {
			isa = PBXProject;
			attributes = {
				BuildIndependentTargetsInParallel = 1;
				LastSwiftUpdateCheck = 1510;
				LastUpgradeCheck = 1510;
				TargetAttributes = {
					F8C65FFC2B4CC7E7005A0224 = {
						CreatedOnToolsVersion = 15.1;
					};
				};
			};
			buildConfigurationList = F8C65FF82B4CC7E7005A0224 /* Build configuration list for PBXProject "DessertCuisine" */;
			compatibilityVersion = "Xcode 14.0";
			developmentRegion = en;
			hasScannedForEncodings = 0;
			knownRegions = (
				en,
				Base,
			);
			mainGroup = F8C65FF42B4CC7E7005A0224;
			productRefGroup = F8C65FFE2B4CC7E7005A0224 /* Products */;
			projectDirPath = "";
			projectRoot = "";
			targets = (
				F8C65FFC2B4CC7E7005A0224 /* DessertCuisine */,
			);
		};
/* End PBXProject section */

/* Begin PBXResourcesBuildPhase section */
		F8C65FFB2B4CC7E7005A0224 /* Resources */ = {
			isa = PBXResourcesBuildPhase;
			buildActionMask = 2147483647;
			files = (
				F8C660082B4CC7E9005A0224 /* Preview Assets.xcassets in Resources */,
				F8C660052B4CC7E9005A0224 /* Assets.xcassets in Resources */,
			);
			runOnlyForDeploymentPostprocessing = 0;
		};
/* End PBXResourcesBuildPhase section */

/* Begin PBXSourcesBuildPhase section */
		F8C65FF92B4CC7E7005A0224 /* Sources */ = {
			isa = PBXSourcesBuildPhase;
			buildActionMask = 2147483647;
			files = (
				F8C6601C2B4CC814005A0224 /* MealDetailsViewModel.swift in Sources */,
				F8C6601D2B4CC814005A0224 /* DessertListView.swift in Sources */,
				F8C6601B2B4CC814005A0224 /* DessertViewModel.swift in Sources */,
				F8C6601A2B4CC814005A0224 /* DetailMeals.swift in Sources */,
				F8C6601E2B4CC814005A0224 /* MealView.swift in Sources */,
				F8C660012B4CC7E7005A0224 /* DessertCuisineApp.swift in Sources */,
				F8C660192B4CC814005A0224 /* CategoryMeals.swift in Sources */,
				F8C6600F2B4CC803005A0224 /* Constant.swift in Sources */,
			);
			runOnlyForDeploymentPostprocessing = 0;
		};
/* End PBXSourcesBuildPhase section */

/* Begin XCBuildConfiguration section */
		F8C660092B4CC7E9005A0224 /* Debug */ = {
			isa = XCBuildConfiguration;
			buildSettings = {
				ALWAYS_SEARCH_USER_PATHS = NO;
				ASSETCATALOG_COMPILER_GENERATE_SWIFT_ASSET_SYMBOL_EXTENSIONS = YES;
				CLANG_ANALYZER_NONNULL = YES;
				CLANG_ANALYZER_NUMBER_OBJECT_CONVERSION = YES_AGGRESSIVE;
				CLANG_CXX_LANGUAGE_STANDARD = "gnu++20";
				CLANG_ENABLE_MODULES = YES;
				CLANG_ENABLE_OBJC_ARC = YES;
				CLANG_ENABLE_OBJC_WEAK = YES;
				CLANG_WARN_BLOCK_CAPTURE_AUTORELEASING = YES;
				CLANG_WARN_BOOL_CONVERSION = YES;
				CLANG_WARN_COMMA = YES;
				CLANG_WARN_CONSTANT_CONVERSION = YES;
				CLANG_WARN_DEPRECATED_OBJC_IMPLEMENTATIONS = YES;
				CLANG_WARN_DIRECT_OBJC_ISA_USAGE = YES_ERROR;
				CLANG_WARN_DOCUMENTATION_COMMENTS = YES;
				CLANG_WARN_EMPTY_BODY = YES;
				CLANG_WARN_ENUM_CONVERSION = YES;
				CLANG_WARN_INFINITE_RECURSION = YES;
				CLANG_WARN_INT_CONVERSION = YES;
				CLANG_WARN_NON_LITERAL_NULL_CONVERSION = YES;
				CLANG_WARN_OBJC_IMPLICIT_RETAIN_SELF = YES;
				CLANG_WARN_OBJC_LITERAL_CONVERSION = YES;
				CLANG_WARN_OBJC_ROOT_CLASS = YES_ERROR;
				CLANG_WARN_QUOTED_INCLUDE_IN_FRAMEWORK_HEADER = YES;
				CLANG_WARN_RANGE_LOOP_ANALYSIS = YES;
				CLANG_WARN_STRICT_PROTOTYPES = YES;
				CLANG_WARN_SUSPICIOUS_MOVE = YES;
				CLANG_WARN_UNGUARDED_AVAILABILITY = YES_AGGRESSIVE;
				CLANG_WARN_UNREACHABLE_CODE = YES;
				CLANG_WARN__DUPLICATE_METHOD_MATCH = YES;
				COPY_PHASE_STRIP = NO;
				DEBUG_INFORMATION_FORMAT = dwarf;
				ENABLE_STRICT_OBJC_MSGSEND = YES;
				ENABLE_TESTABILITY = YES;
				ENABLE_USER_SCRIPT_SANDBOXING = YES;
				GCC_C_LANGUAGE_STANDARD = gnu17;
				GCC_DYNAMIC_NO_PIC = NO;
				GCC_NO_COMMON_BLOCKS = YES;
				GCC_OPTIMIZATION_LEVEL = 0;
				GCC_PREPROCESSOR_DEFINITIONS = (
					"DEBUG=1",
					"$(inherited)",
				);
				GCC_WARN_64_TO_32_BIT_CONVERSION = YES;
				GCC_WARN_ABOUT_RETURN_TYPE = YES_ERROR;
				GCC_WARN_UNDECLARED_SELECTOR = YES;
				GCC_WARN_UNINITIALIZED_AUTOS = YES_AGGRESSIVE;
				GCC_WARN_UNUSED_FUNCTION = YES;
				GCC_WARN_UNUSED_VARIABLE = YES;
				IPHONEOS_DEPLOYMENT_TARGET = 17.2;
				LOCALIZATION_PREFERS_STRING_CATALOGS = YES;
				MTL_ENABLE_DEBUG_INFO = INCLUDE_SOURCE;
				MTL_FAST_MATH = YES;
				ONLY_ACTIVE_ARCH = YES;
				SDKROOT = iphoneos;
				SWIFT_ACTIVE_COMPILATION_CONDITIONS = "DEBUG $(inherited)";
				SWIFT_OPTIMIZATION_LEVEL = "-Onone";
			};
			name = Debug;
		};
		F8C6600A2B4CC7E9005A0224 /* Release */ = {
			isa = XCBuildConfiguration;
			buildSettings = {
				ALWAYS_SEARCH_USER_PATHS = NO;
				ASSETCATALOG_COMPILER_GENERATE_SWIFT_ASSET_SYMBOL_EXTENSIONS = YES;
				CLANG_ANALYZER_NONNULL = YES;
				CLANG_ANALYZER_NUMBER_OBJECT_CONVERSION = YES_AGGRESSIVE;
				CLANG_CXX_LANGUAGE_STANDARD = "gnu++20";
				CLANG_ENABLE_MODULES = YES;
				CLANG_ENABLE_OBJC_ARC = YES;
				CLANG_ENABLE_OBJC_WEAK = YES;
				CLANG_WARN_BLOCK_CAPTURE_AUTORELEASING = YES;
				CLANG_WARN_BOOL_CONVERSION = YES;
				CLANG_WARN_COMMA = YES;
				CLANG_WARN_CONSTANT_CONVERSION = YES;
				CLANG_WARN_DEPRECATED_OBJC_IMPLEMENTATIONS = YES;
				CLANG_WARN_DIRECT_OBJC_ISA_USAGE = YES_ERROR;
				CLANG_WARN_DOCUMENTATION_COMMENTS = YES;
				CLANG_WARN_EMPTY_BODY = YES;
				CLANG_WARN_ENUM_CONVERSION = YES;
				CLANG_WARN_INFINITE_RECURSION = YES;
				CLANG_WARN_INT_CONVERSION = YES;
				CLANG_WARN_NON_LITERAL_NULL_CONVERSION = YES;
				CLANG_WARN_OBJC_IMPLICIT_RETAIN_SELF = YES;
				CLANG_WARN_OBJC_LITERAL_CONVERSION = YES;
				CLANG_WARN_OBJC_ROOT_CLASS = YES_ERROR;
				CLANG_WARN_QUOTED_INCLUDE_IN_FRAMEWORK_HEADER = YES;
				CLANG_WARN_RANGE_LOOP_ANALYSIS = YES;
				CLANG_WARN_STRICT_PROTOTYPES = YES;
				CLANG_WARN_SUSPICIOUS_MOVE = YES;
				CLANG_WARN_UNGUARDED_AVAILABILITY = YES_AGGRESSIVE;
				CLANG_WARN_UNREACHABLE_CODE = YES;
				CLANG_WARN__DUPLICATE_METHOD_MATCH = YES;
				COPY_PHASE_STRIP = NO;
				DEBUG_INFORMATION_FORMAT = "dwarf-with-dsym";
				ENABLE_NS_ASSERTIONS = NO;
				ENABLE_STRICT_OBJC_MSGSEND = YES;
				ENABLE_USER_SCRIPT_SANDBOXING = YES;
				GCC_C_LANGUAGE_STANDARD = gnu17;
				GCC_NO_COMMON_BLOCKS = YES;
				GCC_WARN_64_TO_32_BIT_CONVERSION = YES;
				GCC_WARN_ABOUT_RETURN_TYPE = YES_ERROR;
				GCC_WARN_UNDECLARED_SELECTOR = YES;
				GCC_WARN_UNINITIALIZED_AUTOS = YES_AGGRESSIVE;
				GCC_WARN_UNUSED_FUNCTION = YES;
				GCC_WARN_UNUSED_VARIABLE = YES;
				IPHONEOS_DEPLOYMENT_TARGET = 17.2;
				LOCALIZATION_PREFERS_STRING_CATALOGS = YES;
				MTL_ENABLE_DEBUG_INFO = NO;
				MTL_FAST_MATH = YES;
				SDKROOT = iphoneos;
				SWIFT_COMPILATION_MODE = wholemodule;
				VALIDATE_PRODUCT = YES;
			};
			name = Release;
		};
		F8C6600C2B4CC7E9005A0224 /* Debug */ = {
			isa = XCBuildConfiguration;
			buildSettings = {
				ASSETCATALOG_COMPILER_APPICON_NAME = AppIcon;
				ASSETCATALOG_COMPILER_GLOBAL_ACCENT_COLOR_NAME = AccentColor;
				CODE_SIGN_STYLE = Automatic;
				CURRENT_PROJECT_VERSION = 1;
				DEVELOPMENT_ASSET_PATHS = "\"DessertCuisine/Preview Content\"";
				ENABLE_PREVIEWS = YES;
				GENERATE_INFOPLIST_FILE = YES;
				INFOPLIST_KEY_UIApplicationSceneManifest_Generation = YES;
				INFOPLIST_KEY_UIApplicationSupportsIndirectInputEvents = YES;
				INFOPLIST_KEY_UILaunchScreen_Generation = YES;
				INFOPLIST_KEY_UISupportedInterfaceOrientations_iPad = "UIInterfaceOrientationPortrait UIInterfaceOrientationPortraitUpsideDown UIInterfaceOrientationLandscapeLeft UIInterfaceOrientationLandscapeRight";
				INFOPLIST_KEY_UISupportedInterfaceOrientations_iPhone = "UIInterfaceOrientationPortrait UIInterfaceOrientationLandscapeLeft UIInterfaceOrientationLandscapeRight";
				LD_RUNPATH_SEARCH_PATHS = (
					"$(inherited)",
					"@executable_path/Frameworks",
				);
				MARKETING_VERSION = 1.0;
				PRODUCT_BUNDLE_IDENTIFIER = "edu.iit.hawk-kpatan.DessertCuisine";
				PRODUCT_NAME = "$(TARGET_NAME)";
				SWIFT_EMIT_LOC_STRINGS = YES;
				SWIFT_VERSION = 5.0;
				TARGETED_DEVICE_FAMILY = "1,2";
			};
			name = Debug;
		};
		F8C6600D2B4CC7E9005A0224 /* Release */ = {
			isa = XCBuildConfiguration;
			buildSettings = {
				ASSETCATALOG_COMPILER_APPICON_NAME = AppIcon;
				ASSETCATALOG_COMPILER_GLOBAL_ACCENT_COLOR_NAME = AccentColor;
				CODE_SIGN_STYLE = Automatic;
				CURRENT_PROJECT_VERSION = 1;
				DEVELOPMENT_ASSET_PATHS = "\"DessertCuisine/Preview Content\"";
				ENABLE_PREVIEWS = YES;
				GENERATE_INFOPLIST_FILE = YES;
				INFOPLIST_KEY_UIApplicationSceneManifest_Generation = YES;
				INFOPLIST_KEY_UIApplicationSupportsIndirectInputEvents = YES;
				INFOPLIST_KEY_UILaunchScreen_Generation = YES;
				INFOPLIST_KEY_UISupportedInterfaceOrientations_iPad = "UIInterfaceOrientationPortrait UIInterfaceOrientationPortraitUpsideDown UIInterfaceOrientationLandscapeLeft UIInterfaceOrientationLandscapeRight";
				INFOPLIST_KEY_UISupportedInterfaceOrientations_iPhone = "UIInterfaceOrientationPortrait UIInterfaceOrientationLandscapeLeft UIInterfaceOrientationLandscapeRight";
				LD_RUNPATH_SEARCH_PATHS = (
					"$(inherited)",
					"@executable_path/Frameworks",
				);
				MARKETING_VERSION = 1.0;
				PRODUCT_BUNDLE_IDENTIFIER = "edu.iit.hawk-kpatan.DessertCuisine";
				PRODUCT_NAME = "$(TARGET_NAME)";
				SWIFT_EMIT_LOC_STRINGS = YES;
				SWIFT_VERSION = 5.0;
				TARGETED_DEVICE_FAMILY = "1,2";
			};
			name = Release;
		};
/* End XCBuildConfiguration section */

/* Begin XCConfigurationList section */
		F8C65FF82B4CC7E7005A0224 /* Build configuration list for PBXProject "DessertCuisine" */ = {
			isa = XCConfigurationList;
			buildConfigurations = (
				F8C660092B4CC7E9005A0224 /* Debug */,
				F8C6600A2B4CC7E9005A0224 /* Release */,
			);
			defaultConfigurationIsVisible = 0;
			defaultConfigurationName = Release;
		};
		F8C6600B2B4CC7E9005A0224 /* Build configuration list for PBXNativeTarget "DessertCuisine" */ = {
			isa = XCConfigurationList;
			buildConfigurations = (
				F8C6600C2B4CC7E9005A0224 /* Debug */,
				F8C6600D2B4CC7E9005A0224 /* Release */,
			);
			defaultConfigurationIsVisible = 0;
			defaultConfigurationName = Release;
		};
/* End XCConfigurationList section */
	};
	rootObject = F8C65FF52B4CC7E7005A0224 /* Project object */;
}
